
Microsoft Visual Studio Solution File, Format Version 12.00
# Visual Studio 15
VisualStudioVersion = 15.0.26730.12
MinimumVisualStudioVersion = 10.0.40219.1
Project("{FAE04EC0-301F-11D3-BF4B-00C04F79EFBC}") = "DowerTefenseGame", "DowerTefenseGame\DowerTefenseGame.csproj", "{57F57672-F64C-47BA-93DB-9259832AB5E2}"
EndProject
Project("{FAE04EC0-301F-11D3-BF4B-00C04F79EFBC}") = "LibrairieTropBien", "LibrairieTropBien\LibrairieTropBien.csproj", "{A2A33BCD-10C9-45CA-920B-43869C71A68D}"
EndProject
Project("{FAE04EC0-301F-11D3-BF4B-00C04F79EFBC}") = "DowerTefenseGameServer", "DowerTefenseGameServer\DowerTefenseGameServer.csproj", "{21BB7573-6ABE-4C3B-838D-68EAD92E292B}"
EndProject
Global
	GlobalSection(SolutionConfigurationPlatforms) = preSolution
		Debug|Any CPU = Debug|Any CPU
		Debug|x64 = Debug|x64
		Debug|x86 = Debug|x86
		Release|Any CPU = Release|Any CPU
		Release|x64 = Release|x64
		Release|x86 = Release|x86
	EndGlobalSection
	GlobalSection(ProjectConfigurationPlatforms) = postSolution
		{57F57672-F64C-47BA-93DB-9259832AB5E2}.Debug|Any CPU.ActiveCfg = Debug|x86
		{57F57672-F64C-47BA-93DB-9259832AB5E2}.Debug|Any CPU.Build.0 = Debug|x86
		{57F57672-F64C-47BA-93DB-9259832AB5E2}.Debug|x64.ActiveCfg = Debug|x64
		{57F57672-F64C-47BA-93DB-9259832AB5E2}.Debug|x64.Build.0 = Debug|x64
		{57F57672-F64C-47BA-93DB-9259832AB5E2}.Debug|x86.ActiveCfg = Debug|x86
		{57F57672-F64C-47BA-93DB-9259832AB5E2}.Debug|x86.Build.0 = Debug|x86
		{57F57672-F64C-47BA-93DB-9259832AB5E2}.Release|Any CPU.ActiveCfg = Release|x86
		{57F57672-F64C-47BA-93DB-9259832AB5E2}.Release|x64.ActiveCfg = Release|x64
		{57F57672-F64C-47BA-93DB-9259832AB5E2}.Release|x64.Build.0 = Release|x64
		{57F57672-F64C-47BA-93DB-9259832AB5E2}.Release|x86.ActiveCfg = Release|x86
		{57F57672-F64C-47BA-93DB-9259832AB5E2}.Release|x86.Build.0 = Release|x86
		{A2A33BCD-10C9-45CA-920B-43869C71A68D}.Debug|Any CPU.ActiveCfg = Debug|Any CPU
		{A2A33BCD-10C9-45CA-920B-43869C71A68D}.Debug|Any CPU.Build.0 = Debug|Any CPU
		{A2A33BCD-10C9-45CA-920B-43869C71A68D}.Debug|x64.ActiveCfg = Debug|Any CPU
		{A2A33BCD-10C9-45CA-920B-43869C71A68D}.Debug|x64.Build.0 = Debug|Any CPU
		{A2A33BCD-10C9-45CA-920B-43869C71A68D}.Debug|x86.ActiveCfg = Debug|Any CPU
		{A2A33BCD-10C9-45CA-920B-43869C71A68D}.Debug|x86.Build.0 = Debug|Any CPU
		{A2A33BCD-10C9-45CA-920B-43869C71A68D}.Release|Any CPU.ActiveCfg = Release|Any CPU
		{A2A33BCD-10C9-45CA-920B-43869C71A68D}.Release|Any CPU.Build.0 = Release|Any CPU
		{A2A33BCD-10C9-45CA-920B-43869C71A68D}.Release|x64.ActiveCfg = Release|Any CPU
		{A2A33BCD-10C9-45CA-920B-43869C71A68D}.Release|x64.Build.0 = Release|Any CPU
		{A2A33BCD-10C9-45CA-920B-43869C71A68D}.Release|x86.ActiveCfg = Release|Any CPU
		{A2A33BCD-10C9-45CA-920B-43869C71A68D}.Release|x86.Build.0 = Release|Any CPU
		{21BB7573-6ABE-4C3B-838D-68EAD92E292B}.Debug|Any CPU.ActiveCfg = Debug|Any CPU
		{21BB7573-6ABE-4C3B-838D-68EAD92E292B}.Debug|Any CPU.Build.0 = Debug|Any CPU
		{21BB7573-6ABE-4C3B-838D-68EAD92E292B}.Debug|x64.ActiveCfg = Debug|Any CPU
		{21BB7573-6ABE-4C3B-838D-68EAD92E292B}.Debug|x64.Build.0 = Debug|Any CPU
		{21BB7573-6ABE-4C3B-838D-68EAD92E292B}.Debug|x86.ActiveCfg = Debug|Any CPU
		{21BB7573-6ABE-4C3B-838D-68EAD92E292B}.Debug|x86.Build.0 = Debug|Any CPU
		{21BB7573-6ABE-4C3B-838D-68EAD92E292B}.Release|Any CPU.ActiveCfg = Release|Any CPU
		{21BB7573-6ABE-4C3B-838D-68EAD92E292B}.Release|Any CPU.Build.0 = Release|Any CPU
		{21BB7573-6ABE-4C3B-838D-68EAD92E292B}.Release|x64.ActiveCfg = Release|Any CPU
		{21BB7573-6ABE-4C3B-838D-68EAD92E292B}.Release|x64.Build.0 = Release|Any CPU
		{21BB7573-6ABE-4C3B-838D-68EAD92E292B}.Release|x86.ActiveCfg = Release|Any CPU
		{21BB7573-6ABE-4C3B-838D-68EAD92E292B}.Release|x86.Build.0 = Release|Any CPU
	EndGlobalSection
	GlobalSection(SolutionProperties) = preSolution
		HideSolutionNode = FALSE
	EndGlobalSection
	GlobalSection(ExtensibilityGlobals) = postSolution
		SolutionGuid = {1926C8E5-11D9-4E6E-B786-9632E181F681}
	EndGlobalSection
EndGlobal
